// !$*UTF8*$!
{
	archiveVersion = 1;
	classes = {
	};
	objectVersion = 55;
	objects = {

/* Begin PBXBuildFile section */
		4F3A185B66DC2398B15AAC09 /* Pods_ZegoUIKitPrebuiltLiveStreamingWithPKBattle.framework in Frameworks */ = {isa = PBXBuildFile; fileRef = 52CB50B70380FB881BD75806 /* Pods_ZegoUIKitPrebuiltLiveStreamingWithPKBattle.framework */; };
		86888A752AE2847400DC47B8 /* AppDelegate.swift in Sources */ = {isa = PBXBuildFile; fileRef = 86888A742AE2847400DC47B8 /* AppDelegate.swift */; };
		86888A772AE2847400DC47B8 /* SceneDelegate.swift in Sources */ = {isa = PBXBuildFile; fileRef = 86888A762AE2847400DC47B8 /* SceneDelegate.swift */; };
		86888A792AE2847400DC47B8 /* ViewController.swift in Sources */ = {isa = PBXBuildFile; fileRef = 86888A782AE2847400DC47B8 /* ViewController.swift */; };
		86888A7C2AE2847400DC47B8 /* Main.storyboard in Resources */ = {isa = PBXBuildFile; fileRef = 86888A7A2AE2847400DC47B8 /* Main.storyboard */; };
		86888A7E2AE2847600DC47B8 /* Assets.xcassets in Resources */ = {isa = PBXBuildFile; fileRef = 86888A7D2AE2847600DC47B8 /* Assets.xcassets */; };
		86888A812AE2847600DC47B8 /* LaunchScreen.storyboard in Resources */ = {isa = PBXBuildFile; fileRef = 86888A7F2AE2847600DC47B8 /* LaunchScreen.storyboard */; };
		86888A8A2AE2862C00DC47B8 /* MutePKUserButton.swift in Sources */ = {isa = PBXBuildFile; fileRef = 86888A882AE2862C00DC47B8 /* MutePKUserButton.swift */; };
		86888A8B2AE2862C00DC47B8 /* PKButton.swift in Sources */ = {isa = PBXBuildFile; fileRef = 86888A892AE2862C00DC47B8 /* PKButton.swift */; };
/* End PBXBuildFile section */

/* Begin PBXFileReference section */
		52CB50B70380FB881BD75806 /* Pods_ZegoUIKitPrebuiltLiveStreamingWithPKBattle.framework */ = {isa = PBXFileReference; explicitFileType = wrapper.framework; includeInIndex = 0; path = Pods_ZegoUIKitPrebuiltLiveStreamingWithPKBattle.framework; sourceTree = BUILT_PRODUCTS_DIR; };
		86888A712AE2847400DC47B8 /* ZegoUIKitPrebuiltLiveStreamingWithPKBattle.app */ = {isa = PBXFileReference; explicitFileType = wrapper.application; includeInIndex = 0; path = ZegoUIKitPrebuiltLiveStreamingWithPKBattle.app; sourceTree = BUILT_PRODUCTS_DIR; };
		86888A742AE2847400DC47B8 /* AppDelegate.swift */ = {isa = PBXFileReference; lastKnownFileType = sourcecode.swift; path = AppDelegate.swift; sourceTree = "<group>"; };
		86888A762AE2847400DC47B8 /* SceneDelegate.swift */ = {isa = PBXFileReference; lastKnownFileType = sourcecode.swift; path = SceneDelegate.swift; sourceTree = "<group>"; };
		86888A782AE2847400DC47B8 /* ViewController.swift */ = {isa = PBXFileReference; lastKnownFileType = sourcecode.swift; path = ViewController.swift; sourceTree = "<group>"; };
		86888A7B2AE2847400DC47B8 /* Base */ = {isa = PBXFileReference; lastKnownFileType = file.storyboard; name = Base; path = Base.lproj/Main.storyboard; sourceTree = "<group>"; };
		86888A7D2AE2847600DC47B8 /* Assets.xcassets */ = {isa = PBXFileReference; lastKnownFileType = folder.assetcatalog; path = Assets.xcassets; sourceTree = "<group>"; };
		86888A802AE2847600DC47B8 /* Base */ = {isa = PBXFileReference; lastKnownFileType = file.storyboard; name = Base; path = Base.lproj/LaunchScreen.storyboard; sourceTree = "<group>"; };
		86888A822AE2847600DC47B8 /* Info.plist */ = {isa = PBXFileReference; lastKnownFileType = text.plist.xml; path = Info.plist; sourceTree = "<group>"; };
		86888A882AE2862C00DC47B8 /* MutePKUserButton.swift */ = {isa = PBXFileReference; fileEncoding = 4; lastKnownFileType = sourcecode.swift; path = MutePKUserButton.swift; sourceTree = "<group>"; };
		86888A892AE2862C00DC47B8 /* PKButton.swift */ = {isa = PBXFileReference; fileEncoding = 4; lastKnownFileType = sourcecode.swift; path = PKButton.swift; sourceTree = "<group>"; };
		C5A130E3743310542505CFD1 /* Pods-ZegoUIKitPrebuiltLiveStreamingWithPKBattle.release.xcconfig */ = {isa = PBXFileReference; includeInIndex = 1; lastKnownFileType = text.xcconfig; name = "Pods-ZegoUIKitPrebuiltLiveStreamingWithPKBattle.release.xcconfig"; path = "Target Support Files/Pods-ZegoUIKitPrebuiltLiveStreamingWithPKBattle/Pods-ZegoUIKitPrebuiltLiveStreamingWithPKBattle.release.xcconfig"; sourceTree = "<group>"; };
		F48FA006ED62F7F5573F7DC7 /* Pods-ZegoUIKitPrebuiltLiveStreamingWithPKBattle.debug.xcconfig */ = {isa = PBXFileReference; includeInIndex = 1; lastKnownFileType = text.xcconfig; name = "Pods-ZegoUIKitPrebuiltLiveStreamingWithPKBattle.debug.xcconfig"; path = "Target Support Files/Pods-ZegoUIKitPrebuiltLiveStreamingWithPKBattle/Pods-ZegoUIKitPrebuiltLiveStreamingWithPKBattle.debug.xcconfig"; sourceTree = "<group>"; };
/* End PBXFileReference section */

/* Begin PBXFrameworksBuildPhase section */
		86888A6E2AE2847400DC47B8 /* Frameworks */ = {
			isa = PBXFrameworksBuildPhase;
			buildActionMask = 2147483647;
			files = (
				4F3A185B66DC2398B15AAC09 /* Pods_ZegoUIKitPrebuiltLiveStreamingWithPKBattle.framework in Frameworks */,
			);
			runOnlyForDeploymentPostprocessing = 0;
		};
/* End PBXFrameworksBuildPhase section */

/* Begin PBXGroup section */
		86888A682AE2847400DC47B8 = {
			isa = PBXGroup;
			children = (
				86888A732AE2847400DC47B8 /* ZegoUIKitPrebuiltLiveStreamingWithPKBattle */,
				86888A722AE2847400DC47B8 /* Products */,
				D57B14A9BBF67B11ACD83D3A /* Pods */,
				9191B72E800F03CC5FFE96B5 /* Frameworks */,
			);
			sourceTree = "<group>";
		};
		86888A722AE2847400DC47B8 /* Products */ = {
			isa = PBXGroup;
			children = (
				86888A712AE2847400DC47B8 /* ZegoUIKitPrebuiltLiveStreamingWithPKBattle.app */,
			);
			name = Products;
			sourceTree = "<group>";
		};
		86888A732AE2847400DC47B8 /* ZegoUIKitPrebuiltLiveStreamingWithPKBattle */ = {
			isa = PBXGroup;
			children = (
				86888A742AE2847400DC47B8 /* AppDelegate.swift */,
				86888A762AE2847400DC47B8 /* SceneDelegate.swift */,
				86888A782AE2847400DC47B8 /* ViewController.swift */,
				86888A7A2AE2847400DC47B8 /* Main.storyboard */,
				86888A882AE2862C00DC47B8 /* MutePKUserButton.swift */,
				86888A892AE2862C00DC47B8 /* PKButton.swift */,
				86888A7D2AE2847600DC47B8 /* Assets.xcassets */,
				86888A7F2AE2847600DC47B8 /* LaunchScreen.storyboard */,
				86888A822AE2847600DC47B8 /* Info.plist */,
			);
			path = ZegoUIKitPrebuiltLiveStreamingWithPKBattle;
			sourceTree = "<group>";
		};
		9191B72E800F03CC5FFE96B5 /* Frameworks */ = {
			isa = PBXGroup;
			children = (
				52CB50B70380FB881BD75806 /* Pods_ZegoUIKitPrebuiltLiveStreamingWithPKBattle.framework */,
			);
			name = Frameworks;
			sourceTree = "<group>";
		};
		D57B14A9BBF67B11ACD83D3A /* Pods */ = {
			isa = PBXGroup;
			children = (
				F48FA006ED62F7F5573F7DC7 /* Pods-ZegoUIKitPrebuiltLiveStreamingWithPKBattle.debug.xcconfig */,
				C5A130E3743310542505CFD1 /* Pods-ZegoUIKitPrebuiltLiveStreamingWithPKBattle.release.xcconfig */,
			);
			path = Pods;
			sourceTree = "<group>";
		};
/* End PBXGroup section */

/* Begin PBXNativeTarget section */
		86888A702AE2847400DC47B8 /* ZegoUIKitPrebuiltLiveStreamingWithPKBattle */ = {
			isa = PBXNativeTarget;
			buildConfigurationList = 86888A852AE2847600DC47B8 /* Build configuration list for PBXNativeTarget "ZegoUIKitPrebuiltLiveStreamingWithPKBattle" */;
			buildPhases = (
				96C0ADEB505D46ACAB16BBCE /* [CP] Check Pods Manifest.lock */,
				86888A6D2AE2847400DC47B8 /* Sources */,
				86888A6E2AE2847400DC47B8 /* Frameworks */,
				86888A6F2AE2847400DC47B8 /* Resources */,
				446A883F4CF19CA92E3B51A1 /* [CP] Embed Pods Frameworks */,
			);
			buildRules = (
			);
			dependencies = (
			);
			name = ZegoUIKitPrebuiltLiveStreamingWithPKBattle;
			productName = ZegoUIKitPrebuiltLiveStreamingWithPKBattle;
			productReference = 86888A712AE2847400DC47B8 /* ZegoUIKitPrebuiltLiveStreamingWithPKBattle.app */;
			productType = "com.apple.product-type.application";
		};
/* End PBXNativeTarget section */

/* Begin PBXProject section */
		86888A692AE2847400DC47B8 /* Project object */ = {
			isa = PBXProject;
			attributes = {
				BuildIndependentTargetsInParallel = 1;
				LastSwiftUpdateCheck = 1430;
				LastUpgradeCheck = 1430;
				TargetAttributes = {
					86888A702AE2847400DC47B8 = {
						CreatedOnToolsVersion = 14.3.1;
					};
				};
			};
			buildConfigurationList = 86888A6C2AE2847400DC47B8 /* Build configuration list for PBXProject "ZegoUIKitPrebuiltLiveStreamingWithPKBattle" */;
			compatibilityVersion = "Xcode 13.0";
			developmentRegion = en;
			hasScannedForEncodings = 0;
			knownRegions = (
				en,
				Base,
			);
			mainGroup = 86888A682AE2847400DC47B8;
			productRefGroup = 86888A722AE2847400DC47B8 /* Products */;
			projectDirPath = "";
			projectRoot = "";
			targets = (
				86888A702AE2847400DC47B8 /* ZegoUIKitPrebuiltLiveStreamingWithPKBattle */,
			);
		};
/* End PBXProject section */

/* Begin PBXResourcesBuildPhase section */
		86888A6F2AE2847400DC47B8 /* Resources */ = {
			isa = PBXResourcesBuildPhase;
			buildActionMask = 2147483647;
			files = (
				86888A812AE2847600DC47B8 /* LaunchScreen.storyboard in Resources */,
				86888A7E2AE2847600DC47B8 /* Assets.xcassets in Resources */,
				86888A7C2AE2847400DC47B8 /* Main.storyboard in Resources */,
			);
			runOnlyForDeploymentPostprocessing = 0;
		};
/* End PBXResourcesBuildPhase section */

/* Begin PBXShellScriptBuildPhase section */
		446A883F4CF19CA92E3B51A1 /* [CP] Embed Pods Frameworks */ = {
			isa = PBXShellScriptBuildPhase;
			buildActionMask = 2147483647;
			files = (
			);
			inputFileListPaths = (
				"${PODS_ROOT}/Target Support Files/Pods-ZegoUIKitPrebuiltLiveStreamingWithPKBattle/Pods-ZegoUIKitPrebuiltLiveStreamingWithPKBattle-frameworks-${CONFIGURATION}-input-files.xcfilelist",
			);
			name = "[CP] Embed Pods Frameworks";
			outputFileListPaths = (
				"${PODS_ROOT}/Target Support Files/Pods-ZegoUIKitPrebuiltLiveStreamingWithPKBattle/Pods-ZegoUIKitPrebuiltLiveStreamingWithPKBattle-frameworks-${CONFIGURATION}-output-files.xcfilelist",
			);
			runOnlyForDeploymentPostprocessing = 0;
			shellPath = /bin/sh;
			shellScript = "\"${PODS_ROOT}/Target Support Files/Pods-ZegoUIKitPrebuiltLiveStreamingWithPKBattle/Pods-ZegoUIKitPrebuiltLiveStreamingWithPKBattle-frameworks.sh\"\n";
			showEnvVarsInLog = 0;
		};
		96C0ADEB505D46ACAB16BBCE /* [CP] Check Pods Manifest.lock */ = {
			isa = PBXShellScriptBuildPhase;
			buildActionMask = 2147483647;
			files = (
			);
			inputFileListPaths = (
			);
			inputPaths = (
				"${PODS_PODFILE_DIR_PATH}/Podfile.lock",
				"${PODS_ROOT}/Manifest.lock",
			);
			name = "[CP] Check Pods Manifest.lock";
			outputFileListPaths = (
			);
			outputPaths = (
				"$(DERIVED_FILE_DIR)/Pods-ZegoUIKitPrebuiltLiveStreamingWithPKBattle-checkManifestLockResult.txt",
			);
			runOnlyForDeploymentPostprocessing = 0;
			shellPath = /bin/sh;
			shellScript = "diff \"${PODS_PODFILE_DIR_PATH}/Podfile.lock\" \"${PODS_ROOT}/Manifest.lock\" > /dev/null\nif [ $? != 0 ] ; then\n    # print error to STDERR\n    echo \"error: The sandbox is not in sync with the Podfile.lock. Run 'pod install' or update your CocoaPods installation.\" >&2\n    exit 1\nfi\n# This output is used by Xcode 'outputs' to avoid re-running this script phase.\necho \"SUCCESS\" > \"${SCRIPT_OUTPUT_FILE_0}\"\n";
			showEnvVarsInLog = 0;
		};
/* End PBXShellScriptBuildPhase section */

/* Begin PBXSourcesBuildPhase section */
		86888A6D2AE2847400DC47B8 /* Sources */ = {
			isa = PBXSourcesBuildPhase;
			buildActionMask = 2147483647;
			files = (
				86888A792AE2847400DC47B8 /* ViewController.swift in Sources */,
				86888A8B2AE2862C00DC47B8 /* PKButton.swift in Sources */,
				86888A752AE2847400DC47B8 /* AppDelegate.swift in Sources */,
				86888A8A2AE2862C00DC47B8 /* MutePKUserButton.swift in Sources */,
				86888A772AE2847400DC47B8 /* SceneDelegate.swift in Sources */,
			);
			runOnlyForDeploymentPostprocessing = 0;
		};
/* End PBXSourcesBuildPhase section */

/* Begin PBXVariantGroup section */
		86888A7A2AE2847400DC47B8 /* Main.storyboard */ = {
			isa = PBXVariantGroup;
			children = (
				86888A7B2AE2847400DC47B8 /* Base */,
			);
			name = Main.storyboard;
			sourceTree = "<group>";
		};
		86888A7F2AE2847600DC47B8 /* LaunchScreen.storyboard */ = {
			isa = PBXVariantGroup;
			children = (
				86888A802AE2847600DC47B8 /* Base */,
			);
			name = LaunchScreen.storyboard;
			sourceTree = "<group>";
		};
/* End PBXVariantGroup section */

/* Begin XCBuildConfiguration section */
		86888A832AE2847600DC47B8 /* Debug */ = {
			isa = XCBuildConfiguration;
			buildSettings = {
				ALWAYS_SEARCH_USER_PATHS = NO;
				CLANG_ANALYZER_NONNULL = YES;
				CLANG_ANALYZER_NUMBER_OBJECT_CONVERSION = YES_AGGRESSIVE;
				CLANG_CXX_LANGUAGE_STANDARD = "gnu++20";
				CLANG_ENABLE_MODULES = YES;
				CLANG_ENABLE_OBJC_ARC = YES;
				CLANG_ENABLE_OBJC_WEAK = YES;
				CLANG_WARN_BLOCK_CAPTURE_AUTORELEASING = YES;
				CLANG_WARN_BOOL_CONVERSION = YES;
				CLANG_WARN_COMMA = YES;
				CLANG_WARN_CONSTANT_CONVERSION = YES;
				CLANG_WARN_DEPRECATED_OBJC_IMPLEMENTATIONS = YES;
				CLANG_WARN_DIRECT_OBJC_ISA_USAGE = YES_ERROR;
				CLANG_WARN_DOCUMENTATION_COMMENTS = YES;
				CLANG_WARN_EMPTY_BODY = YES;
				CLANG_WARN_ENUM_CONVERSION = YES;
				CLANG_WARN_INFINITE_RECURSION = YES;
				CLANG_WARN_INT_CONVERSION = YES;
				CLANG_WARN_NON_LITERAL_NULL_CONVERSION = YES;
				CLANG_WARN_OBJC_IMPLICIT_RETAIN_SELF = YES;
				CLANG_WARN_OBJC_LITERAL_CONVERSION = YES;
				CLANG_WARN_OBJC_ROOT_CLASS = YES_ERROR;
				CLANG_WARN_QUOTED_INCLUDE_IN_FRAMEWORK_HEADER = YES;
				CLANG_WARN_RANGE_LOOP_ANALYSIS = YES;
				CLANG_WARN_STRICT_PROTOTYPES = YES;
				CLANG_WARN_SUSPICIOUS_MOVE = YES;
				CLANG_WARN_UNGUARDED_AVAILABILITY = YES_AGGRESSIVE;
				CLANG_WARN_UNREACHABLE_CODE = YES;
				CLANG_WARN__DUPLICATE_METHOD_MATCH = YES;
				COPY_PHASE_STRIP = NO;
				DEBUG_INFORMATION_FORMAT = dwarf;
				ENABLE_STRICT_OBJC_MSGSEND = YES;
				ENABLE_TESTABILITY = YES;
				GCC_C_LANGUAGE_STANDARD = gnu11;
				GCC_DYNAMIC_NO_PIC = NO;
				GCC_NO_COMMON_BLOCKS = YES;
				GCC_OPTIMIZATION_LEVEL = 0;
				GCC_PREPROCESSOR_DEFINITIONS = (
					"DEBUG=1",
					"$(inherited)",
				);
				GCC_WARN_64_TO_32_BIT_CONVERSION = YES;
				GCC_WARN_ABOUT_RETURN_TYPE = YES_ERROR;
				GCC_WARN_UNDECLARED_SELECTOR = YES;
				GCC_WARN_UNINITIALIZED_AUTOS = YES_AGGRESSIVE;
				GCC_WARN_UNUSED_FUNCTION = YES;
				GCC_WARN_UNUSED_VARIABLE = YES;
				IPHONEOS_DEPLOYMENT_TARGET = 16.4;
				MTL_ENABLE_DEBUG_INFO = INCLUDE_SOURCE;
				MTL_FAST_MATH = YES;
				ONLY_ACTIVE_ARCH = YES;
				SDKROOT = iphoneos;
				SWIFT_ACTIVE_COMPILATION_CONDITIONS = DEBUG;
				SWIFT_OPTIMIZATION_LEVEL = "-Onone";
			};
			name = Debug;
		};
		86888A842AE2847600DC47B8 /* Release */ = {
			isa = XCBuildConfiguration;
			buildSettings = {
				ALWAYS_SEARCH_USER_PATHS = NO;
				CLANG_ANALYZER_NONNULL = YES;
				CLANG_ANALYZER_NUMBER_OBJECT_CONVERSION = YES_AGGRESSIVE;
				CLANG_CXX_LANGUAGE_STANDARD = "gnu++20";
				CLANG_ENABLE_MODULES = YES;
				CLANG_ENABLE_OBJC_ARC = YES;
				CLANG_ENABLE_OBJC_WEAK = YES;
				CLANG_WARN_BLOCK_CAPTURE_AUTORELEASING = YES;
				CLANG_WARN_BOOL_CONVERSION = YES;
				CLANG_WARN_COMMA = YES;
				CLANG_WARN_CONSTANT_CONVERSION = YES;
				CLANG_WARN_DEPRECATED_OBJC_IMPLEMENTATIONS = YES;
				CLANG_WARN_DIRECT_OBJC_ISA_USAGE = YES_ERROR;
				CLANG_WARN_DOCUMENTATION_COMMENTS = YES;
				CLANG_WARN_EMPTY_BODY = YES;
				CLANG_WARN_ENUM_CONVERSION = YES;
				CLANG_WARN_INFINITE_RECURSION = YES;
				CLANG_WARN_INT_CONVERSION = YES;
				CLANG_WARN_NON_LITERAL_NULL_CONVERSION = YES;
				CLANG_WARN_OBJC_IMPLICIT_RETAIN_SELF = YES;
				CLANG_WARN_OBJC_LITERAL_CONVERSION = YES;
				CLANG_WARN_OBJC_ROOT_CLASS = YES_ERROR;
				CLANG_WARN_QUOTED_INCLUDE_IN_FRAMEWORK_HEADER = YES;
				CLANG_WARN_RANGE_LOOP_ANALYSIS = YES;
				CLANG_WARN_STRICT_PROTOTYPES = YES;
				CLANG_WARN_SUSPICIOUS_MOVE = YES;
				CLANG_WARN_UNGUARDED_AVAILABILITY = YES_AGGRESSIVE;
				CLANG_WARN_UNREACHABLE_CODE = YES;
				CLANG_WARN__DUPLICATE_METHOD_MATCH = YES;
				COPY_PHASE_STRIP = NO;
				DEBUG_INFORMATION_FORMAT = "dwarf-with-dsym";
				ENABLE_NS_ASSERTIONS = NO;
				ENABLE_STRICT_OBJC_MSGSEND = YES;
				GCC_C_LANGUAGE_STANDARD = gnu11;
				GCC_NO_COMMON_BLOCKS = YES;
				GCC_WARN_64_TO_32_BIT_CONVERSION = YES;
				GCC_WARN_ABOUT_RETURN_TYPE = YES_ERROR;
				GCC_WARN_UNDECLARED_SELECTOR = YES;
				GCC_WARN_UNINITIALIZED_AUTOS = YES_AGGRESSIVE;
				GCC_WARN_UNUSED_FUNCTION = YES;
				GCC_WARN_UNUSED_VARIABLE = YES;
				IPHONEOS_DEPLOYMENT_TARGET = 16.4;
				MTL_ENABLE_DEBUG_INFO = NO;
				MTL_FAST_MATH = YES;
				SDKROOT = iphoneos;
				SWIFT_COMPILATION_MODE = wholemodule;
				SWIFT_OPTIMIZATION_LEVEL = "-O";
				VALIDATE_PRODUCT = YES;
			};
			name = Release;
		};
		86888A862AE2847600DC47B8 /* Debug */ = {
			isa = XCBuildConfiguration;
			baseConfigurationReference = F48FA006ED62F7F5573F7DC7 /* Pods-ZegoUIKitPrebuiltLiveStreamingWithPKBattle.debug.xcconfig */;
			buildSettings = {
				ASSETCATALOG_COMPILER_APPICON_NAME = AppIcon;
				ASSETCATALOG_COMPILER_GLOBAL_ACCENT_COLOR_NAME = AccentColor;
				CODE_SIGN_STYLE = Automatic;
				CURRENT_PROJECT_VERSION = 1;
				DEVELOPMENT_TEAM = PN83KX5U85;
				GENERATE_INFOPLIST_FILE = YES;
				INFOPLIST_FILE = ZegoUIKitPrebuiltLiveStreamingWithPKBattle/Info.plist;
				INFOPLIST_KEY_UIApplicationSupportsIndirectInputEvents = YES;
				INFOPLIST_KEY_UILaunchStoryboardName = LaunchScreen;
				INFOPLIST_KEY_UIMainStoryboardFile = Main;
				INFOPLIST_KEY_UISupportedInterfaceOrientations_iPad = "UIInterfaceOrientationPortrait UIInterfaceOrientationPortraitUpsideDown UIInterfaceOrientationLandscapeLeft UIInterfaceOrientationLandscapeRight";
				INFOPLIST_KEY_UISupportedInterfaceOrientations_iPhone = "UIInterfaceOrientationPortrait UIInterfaceOrientationLandscapeLeft UIInterfaceOrientationLandscapeRight";
				IPHONEOS_DEPLOYMENT_TARGET = 13.0;
				LD_RUNPATH_SEARCH_PATHS = (
					"$(inherited)",
					"@executable_path/Frameworks",
				);
				MARKETING_VERSION = 1.0;
				PRODUCT_BUNDLE_IDENTIFIER = com.zegocloud.livestreamingpk.demo.ZegoUIKitPrebuiltLiveStreamingWithPKBattle;
				PRODUCT_NAME = "$(TARGET_NAME)";
				SWIFT_EMIT_LOC_STRINGS = YES;
				SWIFT_VERSION = 5.0;
				TARGETED_DEVICE_FAMILY = "1,2";
			};
			name = Debug;
		};
		86888A872AE2847600DC47B8 /* Release */ = {
			isa = XCBuildConfiguration;
			baseConfigurationReference = C5A130E3743310542505CFD1 /* Pods-ZegoUIKitPrebuiltLiveStreamingWithPKBattle.release.xcconfig */;
			buildSettings = {
				ASSETCATALOG_COMPILER_APPICON_NAME = AppIcon;
				ASSETCATALOG_COMPILER_GLOBAL_ACCENT_COLOR_NAME = AccentColor;
				CODE_SIGN_STYLE = Automatic;
				CURRENT_PROJECT_VERSION = 1;
				DEVELOPMENT_TEAM = PN83KX5U85;
				GENERATE_INFOPLIST_FILE = YES;
				INFOPLIST_FILE = ZegoUIKitPrebuiltLiveStreamingWithPKBattle/Info.plist;
				INFOPLIST_KEY_UIApplicationSupportsIndirectInputEvents = YES;
				INFOPLIST_KEY_UILaunchStoryboardName = LaunchScreen;
				INFOPLIST_KEY_UIMainStoryboardFile = Main;
				INFOPLIST_KEY_UISupportedInterfaceOrientations_iPad = "UIInterfaceOrientationPortrait UIInterfaceOrientationPortraitUpsideDown UIInterfaceOrientationLandscapeLeft UIInterfaceOrientationLandscapeRight";
				INFOPLIST_KEY_UISupportedInterfaceOrientations_iPhone = "UIInterfaceOrientationPortrait UIInterfaceOrientationLandscapeLeft UIInterfaceOrientationLandscapeRight";
				IPHONEOS_DEPLOYMENT_TARGET = 13.0;
				LD_RUNPATH_SEARCH_PATHS = (
					"$(inherited)",
					"@executable_path/Frameworks",
				);
				MARKETING_VERSION = 1.0;
				PRODUCT_BUNDLE_IDENTIFIER = com.zegocloud.livestreamingpk.demo.ZegoUIKitPrebuiltLiveStreamingWithPKBattle;
				PRODUCT_NAME = "$(TARGET_NAME)";
				SWIFT_EMIT_LOC_STRINGS = YES;
				SWIFT_VERSION = 5.0;
				TARGETED_DEVICE_FAMILY = "1,2";
			};
			name = Release;
		};
/* End XCBuildConfiguration section */

/* Begin XCConfigurationList section */
		86888A6C2AE2847400DC47B8 /* Build configuration list for PBXProject "ZegoUIKitPrebuiltLiveStreamingWithPKBattle" */ = {
			isa = XCConfigurationList;
			buildConfigurations = (
				86888A832AE2847600DC47B8 /* Debug */,
				86888A842AE2847600DC47B8 /* Release */,
			);
			defaultConfigurationIsVisible = 0;
			defaultConfigurationName = Release;
		};
		86888A852AE2847600DC47B8 /* Build configuration list for PBXNativeTarget "ZegoUIKitPrebuiltLiveStreamingWithPKBattle" */ = {
			isa = XCConfigurationList;
			buildConfigurations = (
				86888A862AE2847600DC47B8 /* Debug */,
				86888A872AE2847600DC47B8 /* Release */,
			);
			defaultConfigurationIsVisible = 0;
			defaultConfigurationName = Release;
		};
/* End XCConfigurationList section */
	};
	rootObject = 86888A692AE2847400DC47B8 /* Project object */;
}
